
Microsoft Visual Studio Solution File, Format Version 12.00
# Visual Studio Version 16
VisualStudioVersion = 16.0.30320.27
MinimumVisualStudioVersion = 10.0.40219.1
Project("{FAE04EC0-301F-11D3-BF4B-00C04F79EFBC}") = "AprendiendoAConectarSQLserver", "AprendiendoAConectarSQLserver\AprendiendoAConectarSQLserver.csproj", "{6776EF4D-944D-4148-8A8B-525259B4E28A}"
EndProject
Project("{FAE04EC0-301F-11D3-BF4B-00C04F79EFBC}") = "miLibreria", "miLibreria\miLibreria.csproj", "{008FBB4F-9CA3-48B8-BC6A-F901E8159500}"
EndProject
Global
	GlobalSection(SolutionConfigurationPlatforms) = preSolution
		Debug|Any CPU = Debug|Any CPU
		Release|Any CPU = Release|Any CPU
	EndGlobalSection
	GlobalSection(ProjectConfigurationPlatforms) = postSolution
		{6776EF4D-944D-4148-8A8B-525259B4E28A}.Debug|Any CPU.ActiveCfg = Debug|Any CPU
		{6776EF4D-944D-4148-8A8B-525259B4E28A}.Debug|Any CPU.Build.0 = Debug|Any CPU
		{6776EF4D-944D-4148-8A8B-525259B4E28A}.Release|Any CPU.ActiveCfg = Release|Any CPU
		{6776EF4D-944D-4148-8A8B-525259B4E28A}.Release|Any CPU.Build.0 = Release|Any CPU
		{008FBB4F-9CA3-48B8-BC6A-F901E8159500}.Debug|Any CPU.ActiveCfg = Debug|Any CPU
		{008FBB4F-9CA3-48B8-BC6A-F901E8159500}.Debug|Any CPU.Build.0 = Debug|Any CPU
		{008FBB4F-9CA3-48B8-BC6A-F901E8159500}.Release|Any CPU.ActiveCfg = Release|Any CPU
		{008FBB4F-9CA3-48B8-BC6A-F901E8159500}.Release|Any CPU.Build.0 = Release|Any CPU
	EndGlobalSection
	GlobalSection(SolutionProperties) = preSolution
		HideSolutionNode = FALSE
	EndGlobalSection
	GlobalSection(ExtensibilityGlobals) = postSolution
		SolutionGuid = {27F6BC95-4307-4F20-BFB1-F233750C8580}
	EndGlobalSection
EndGlobal
